<Solution>
  <Configurations>
    <Platform Name="Any CPU" />
    <Platform Name="x64" />
  </Configurations>
  <Project Path="SetupProject/Setup/Setup.vdproj" Type="Installer">
    <Build />
  </Project>
  <Project Path="XiaoYu_LAM.csproj" Id="7e92450b-a800-4f3a-8547-6e4458d3922a">
    <Platform Solution="Release|x64" Project="x64" />
  </Project>
</Solution>
